
Microsoft Visual Studio Solution File, Format Version 12.00
# Visual Studio Version 17
VisualStudioVersion = 17.3.32819.101
MinimumVisualStudioVersion = 10.0.40219.1
Project("{FAE04EC0-301F-11D3-BF4B-00C04F79EFBC}") = "23-8-2022ps3", "23-8-2022ps3\23-8-2022ps3.csproj", "{8363C922-888D-417C-92BF-14F11C6B299F}"
EndProject
Global
	GlobalSection(SolutionConfigurationPlatforms) = preSolution
		Debug|Any CPU = Debug|Any CPU
		Release|Any CPU = Release|Any CPU
	EndGlobalSection
	GlobalSection(ProjectConfigurationPlatforms) = postSolution
		{8363C922-888D-417C-92BF-14F11C6B299F}.Debug|Any CPU.ActiveCfg = Debug|Any CPU
		{8363C922-888D-417C-92BF-14F11C6B299F}.Debug|Any CPU.Build.0 = Debug|Any CPU
		{8363C922-888D-417C-92BF-14F11C6B299F}.Release|Any CPU.ActiveCfg = Release|Any CPU
		{8363C922-888D-417C-92BF-14F11C6B299F}.Release|Any CPU.Build.0 = Release|Any CPU
	EndGlobalSection
	GlobalSection(SolutionProperties) = preSolution
		HideSolutionNode = FALSE
	EndGlobalSection
	GlobalSection(ExtensibilityGlobals) = postSolution
		SolutionGuid = {612C2CF5-2FED-472B-99C7-319BC928E990}
	EndGlobalSection
EndGlobal
